
Microsoft Visual Studio Solution File, Format Version 12.00
# Visual Studio 15
VisualStudioVersion = 15.0.27703.2018
MinimumVisualStudioVersion = 10.0.40219.1
Project("{FAE04EC0-301F-11D3-BF4B-00C04F79EFBC}") = "AntwerpHasFallen", "AntwerpHasFallen\AntwerpHasFallen.csproj", "{6A121ED1-1B16-4942-B335-B9BB5AF92AC1}"
EndProject
Project("{FAE04EC0-301F-11D3-BF4B-00C04F79EFBC}") = "DataLayer", "DataLayer\DataLayer.csproj", "{52AC033A-BBA7-4FE4-B53B-17021B16F32C}"
EndProject
Project("{FAE04EC0-301F-11D3-BF4B-00C04F79EFBC}") = "BusinessLayer", "BusinessLayer\BusinessLayer.csproj", "{134BDBFD-A92A-47D0-AA0B-FA75A96F8ED6}"
EndProject
Global
	GlobalSection(SolutionConfigurationPlatforms) = preSolution
		Debug|Any CPU = Debug|Any CPU
		Release|Any CPU = Release|Any CPU
	EndGlobalSection
	GlobalSection(ProjectConfigurationPlatforms) = postSolution
		{6A121ED1-1B16-4942-B335-B9BB5AF92AC1}.Debug|Any CPU.ActiveCfg = Debug|Any CPU
		{6A121ED1-1B16-4942-B335-B9BB5AF92AC1}.Debug|Any CPU.Build.0 = Debug|Any CPU
		{6A121ED1-1B16-4942-B335-B9BB5AF92AC1}.Release|Any CPU.ActiveCfg = Release|Any CPU
		{6A121ED1-1B16-4942-B335-B9BB5AF92AC1}.Release|Any CPU.Build.0 = Release|Any CPU
		{52AC033A-BBA7-4FE4-B53B-17021B16F32C}.Debug|Any CPU.ActiveCfg = Debug|Any CPU
		{52AC033A-BBA7-4FE4-B53B-17021B16F32C}.Debug|Any CPU.Build.0 = Debug|Any CPU
		{52AC033A-BBA7-4FE4-B53B-17021B16F32C}.Release|Any CPU.ActiveCfg = Release|Any CPU
		{52AC033A-BBA7-4FE4-B53B-17021B16F32C}.Release|Any CPU.Build.0 = Release|Any CPU
		{134BDBFD-A92A-47D0-AA0B-FA75A96F8ED6}.Debug|Any CPU.ActiveCfg = Debug|Any CPU
		{134BDBFD-A92A-47D0-AA0B-FA75A96F8ED6}.Debug|Any CPU.Build.0 = Debug|Any CPU
		{134BDBFD-A92A-47D0-AA0B-FA75A96F8ED6}.Release|Any CPU.ActiveCfg = Release|Any CPU
		{134BDBFD-A92A-47D0-AA0B-FA75A96F8ED6}.Release|Any CPU.Build.0 = Release|Any CPU
	EndGlobalSection
	GlobalSection(SolutionProperties) = preSolution
		HideSolutionNode = FALSE
	EndGlobalSection
	GlobalSection(ExtensibilityGlobals) = postSolution
		SolutionGuid = {BC12A6F1-9CA2-451C-967E-8EAFA8E89532}
	EndGlobalSection
EndGlobal
